# @generated - this file is auto-generated by `mise lock` https://mise.en.dev/dev-tools/mise-lock.html

[[tools.actionlint]]
version = "1.7.12"
backend = "aqua:rhysd/actionlint"

[tools.actionlint."platforms.linux-arm64"]
checksum = "sha256:325e971b6ba9bfa504672e29be93c24981eeb1c07576d730e9f7c8805afff0c6"
url = "https://github.com/rhysd/actionlint/releases/download/v1.7.12/actionlint_1.7.12_linux_arm64.tar.gz"
provenance = "github-attestations"

[tools.actionlint."platforms.linux-arm64-musl"]
checksum = "sha256:325e971b6ba9bfa504672e29be93c24981eeb1c07576d730e9f7c8805afff0c6"
url = "https://github.com/rhysd/actionlint/releases/download/v1.7.12/actionlint_1.7.12_linux_arm64.tar.gz"
provenance = "github-attestations"

[tools.actionlint."platforms.linux-x64"]
checksum = "sha256:8aca8db96f1b94770f1b0d72b6dddcb1ebb8123cb3712530b08cc387b349a3d8"
url = "https://github.com/rhysd/actionlint/releases/download/v1.7.12/actionlint_1.7.12_linux_amd64.tar.gz"
provenance = "github-attestations"

[tools.actionlint."platforms.linux-x64-baseline"]
checksum = "sha256:8aca8db96f1b94770f1b0d72b6dddcb1ebb8123cb3712530b08cc387b349a3d8"
url = "https://github.com/rhysd/actionlint/releases/download/v1.7.12/actionlint_1.7.12_linux_amd64.tar.gz"
provenance = "github-attestations"

[tools.actionlint."platforms.linux-x64-musl"]
checksum = "sha256:8aca8db96f1b94770f1b0d72b6dddcb1ebb8123cb3712530b08cc387b349a3d8"
url = "https://github.com/rhysd/actionlint/releases/download/v1.7.12/actionlint_1.7.12_linux_amd64.tar.gz"
provenance = "github-attestations"

[tools.actionlint."platforms.linux-x64-musl-baseline"]
checksum = "sha256:8aca8db96f1b94770f1b0d72b6dddcb1ebb8123cb3712530b08cc387b349a3d8"
url = "https://github.com/rhysd/actionlint/releases/download/v1.7.12/actionlint_1.7.12_linux_amd64.tar.gz"
provenance = "github-attestations"

[tools.actionlint."platforms.macos-arm64"]
checksum = "sha256:aba9ced2dee8d27fecca3dc7feb1a7f9a52caefa1eb46f3271ea66b6e0e6953f"
url = "https://github.com/rhysd/actionlint/releases/download/v1.7.12/actionlint_1.7.12_darwin_arm64.tar.gz"
provenance = "github-attestations"

[tools.actionlint."platforms.macos-x64"]
checksum = "sha256:5b44c3bc2255115c9b69e30efc0fecdf498fdb63c5d58e17084fd5f16324c644"
url = "https://github.com/rhysd/actionlint/releases/download/v1.7.12/actionlint_1.7.12_darwin_amd64.tar.gz"
provenance = "github-attestations"

[tools.actionlint."platforms.macos-x64-baseline"]
checksum = "sha256:5b44c3bc2255115c9b69e30efc0fecdf498fdb63c5d58e17084fd5f16324c644"
url = "https://github.com/rhysd/actionlint/releases/download/v1.7.12/actionlint_1.7.12_darwin_amd64.tar.gz"
provenance = "github-attestations"

[tools.actionlint."platforms.windows-x64"]
checksum = "sha256:6e7241b51e6817ea6a047693d8e6fed13b31819c9a0dd6c5a726e1592d22f6e9"
url = "https://github.com/rhysd/actionlint/releases/download/v1.7.12/actionlint_1.7.12_windows_amd64.zip"
provenance = "github-attestations"

[tools.actionlint."platforms.windows-x64-baseline"]
checksum = "sha256:6e7241b51e6817ea6a047693d8e6fed13b31819c9a0dd6c5a726e1592d22f6e9"
url = "https://github.com/rhysd/actionlint/releases/download/v1.7.12/actionlint_1.7.12_windows_amd64.zip"
provenance = "github-attestations"

[[tools.bun]]
version = "1.4.2"
backend = "core:bun"

[tools.bun."platforms.linux-arm64"]
checksum = "sha256:54328bbc2d9c8e0c9f892c544d66c57a83b84139e34909e5ee81758f1ac8fda7"
url = "https://github.com/oven-sh/bun/releases/download/bun-v1.4.2/bun-linux-aarch64.zip"

[tools.bun."platforms.linux-arm64-musl"]
checksum = "sha256:71760b6c8ea30623b81a4907cb815d48e2ea266f2e73e751534a44a0607950df"
url = "https://github.com/oven-sh/bun/releases/download/bun-v1.4.2/bun-linux-aarch64-musl.zip"

[tools.bun."platforms.linux-x64"]
checksum = "sha256:36368faef7527875d5ffa52e53cd48021741f2a83eb6208a8dd64068d422a913"
url = "https://github.com/oven-sh/bun/releases/download/bun-v1.4.2/bun-linux-x64.zip"

[tools.bun."platforms.linux-x64-baseline"]
checksum = "sha256:c678040f14fe0440eb839d37cbd0ce4c051a32da72806ac97de6a6aab6bf728f"
url = "https://github.com/oven-sh/bun/releases/download/bun-v1.4.2/bun-linux-x64-baseline.zip"

[tools.bun."platforms.linux-x64-musl"]
checksum = "sha256:4835eca59d6da70f4674f5642f6e459dcadab773695b2ed9922d131057989742"
url = "https://github.com/oven-sh/bun/releases/download/bun-v1.4.2/bun-linux-x64-musl.zip"

[tools.bun."platforms.linux-x64-musl-baseline"]
checksum = "sha256:76e1db84e98f22f78de0a87e309bfbbf297732847f9720db36750646c85c8c18"
url = "https://github.com/oven-sh/bun/releases/download/bun-v1.4.2/bun-linux-x64-musl-baseline.zip"

[tools.bun."platforms.macos-arm64"]
checksum = "sha256:90987a3a16d7db556d886ac3d551e7b6d3edf0a1cf43acaed622e8676be1d12f"
url = "https://github.com/oven-sh/bun/releases/download/bun-v1.4.2/bun-darwin-aarch64.zip"

[tools.bun."platforms.macos-x64"]
checksum = "sha256:80520d7e17526308c9185d261679ac6d27798d3803a0e9f7ff9121ab8affb012"
url = "https://github.com/oven-sh/bun/releases/download/bun-v1.4.2/bun-darwin-x64.zip"

[tools.bun."platforms.macos-x64-baseline"]
checksum = "sha256:bad5bbd6cf14d0980d115f5954c9ff904df619d5e994d2da1ffccd3f316300b0"
url = "https://github.com/oven-sh/bun/releases/download/bun-v1.4.2/bun-darwin-x64-baseline.zip"

[tools.bun."platforms.windows-x64"]
checksum = "sha256:ce4c17497b2f29712a99d3d53f028de28cd42e3bacb8589599e7f000e49b6405"
url = "https://github.com/oven-sh/bun/releases/download/bun-v1.4.2/bun-windows-x64.zip"

[tools.bun."platforms.windows-x64-baseline"]
checksum = "sha256:78c221c2376f79731ccf4e4af0b3bb46d81fefa3296c5abee09ad8a1b21e68c6"
url = "https://github.com/oven-sh/bun/releases/download/bun-v1.4.2/bun-windows-x64-baseline.zip"

[[tools.cmake]]
version = "4.4.3"
backend = "aqua:Kitware/CMake"

[tools.cmake."platforms.linux-arm64"]
checksum = "sha256:2efc974dbd63b4444c0e8494b92f2e80c2d7e635b4b80eac2916985ddd8f72a6"
url = "https://github.com/Kitware/CMake/releases/download/v4.4.3/cmake-4.4.3-linux-aarch64.tar.gz"
url_api = "https://api.github.com/repos/Kitware/CMake/releases/assets/529577299"

[tools.cmake."platforms.linux-arm64-musl"]
checksum = "sha256:2efc974dbd63b4444c0e8494b92f2e80c2d7e635b4b80eac2916985ddd8f72a6"
url = "https://github.com/Kitware/CMake/releases/download/v4.4.3/cmake-4.4.3-linux-aarch64.tar.gz"
url_api = "https://api.github.com/repos/Kitware/CMake/releases/assets/529577299"

[tools.cmake."platforms.linux-x64"]
checksum = "sha256:d6c83076c575bc00b823522ac974bda66d0af05d6ddc30e739c12385cf32c6cc"
url = "https://github.com/Kitware/CMake/releases/download/v4.4.3/cmake-4.4.3-linux-x86_64.tar.gz"
url_api = "https://api.github.com/repos/Kitware/CMake/releases/assets/529577408"

[tools.cmake."platforms.linux-x64-baseline"]
checksum = "sha256:d6c83076c575bc00b823522ac974bda66d0af05d6ddc30e739c12385cf32c6cc"
url = "https://github.com/Kitware/CMake/releases/download/v4.4.3/cmake-4.4.3-linux-x86_64.tar.gz"
url_api = "https://api.github.com/repos/Kitware/CMake/releases/assets/529577408"

[tools.cmake."platforms.linux-x64-musl"]
checksum = "sha256:d6c83076c575bc00b823522ac974bda66d0af05d6ddc30e739c12385cf32c6cc"
url = "https://github.com/Kitware/CMake/releases/download/v4.4.3/cmake-4.4.3-linux-x86_64.tar.gz"
url_api = "https://api.github.com/repos/Kitware/CMake/releases/assets/529577408"

[tools.cmake."platforms.linux-x64-musl-baseline"]
checksum = "sha256:d6c83076c575bc00b823522ac974bda66d0af05d6ddc30e739c12385cf32c6cc"
url = "https://github.com/Kitware/CMake/releases/download/v4.4.3/cmake-4.4.3-linux-x86_64.tar.gz"
url_api = "https://api.github.com/repos/Kitware/CMake/releases/assets/529577408"

[tools.cmake."platforms.macos-arm64"]
checksum = "sha256:0c5d65251c14cc884bfa16bdbed3c263ce5bffe2e21c0d0d00962cb0610464fa"
url = "https://github.com/Kitware/CMake/releases/download/v4.4.3/cmake-4.4.3-macos-universal.tar.gz"
url_api = "https://api.github.com/repos/Kitware/CMake/releases/assets/529577557"

[tools.cmake."platforms.macos-x64"]
checksum = "sha256:0c5d65251c14cc884bfa16bdbed3c263ce5bffe2e21c0d0d00962cb0610464fa"
url = "https://github.com/Kitware/CMake/releases/download/v4.4.3/cmake-4.4.3-macos-universal.tar.gz"
url_api = "https://api.github.com/repos/Kitware/CMake/releases/assets/529577557"

[tools.cmake."platforms.macos-x64-baseline"]
checksum = "sha256:0c5d65251c14cc884bfa16bdbed3c263ce5bffe2e21c0d0d00962cb0610464fa"
url = "https://github.com/Kitware/CMake/releases/download/v4.4.3/cmake-4.4.3-macos-universal.tar.gz"
url_api = "https://api.github.com/repos/Kitware/CMake/releases/assets/529577557"

[tools.cmake."platforms.windows-x64"]
checksum = "sha256:4d52ebab7193a698651639ed80d8d04fd903358843572cf44c7fd234cb7c26ab"
url = "https://github.com/Kitware/CMake/releases/download/v4.4.3/cmake-4.4.3-windows-x86_64.zip"
url_api = "https://api.github.com/repos/Kitware/CMake/releases/assets/529578311"

[tools.cmake."platforms.windows-x64-baseline"]
checksum = "sha256:4d52ebab7193a698651639ed80d8d04fd903358843572cf44c7fd234cb7c26ab"
url = "https://github.com/Kitware/CMake/releases/download/v4.4.3/cmake-4.4.3-windows-x86_64.zip"
url_api = "https://api.github.com/repos/Kitware/CMake/releases/assets/529578311"

[[tools."conda:clang-format"]]
version = "18.1.3"
backend = "conda:clang-format"

[tools."conda:clang-format".options]
channel = "conda-forge"

[[tools.lefthook]]
version = "2.1.14"
backend = "aqua:evilmartians/lefthook"

[tools.lefthook."platforms.linux-arm64"]
checksum = "sha256:2fd4b1f33aab4e4c8691a1a6a750b0638a40bdef871234cacb33781615dbf7ba"
url = "https://github.com/evilmartians/lefthook/releases/download/v2.1.14/lefthook_2.1.14_Linux_aarch64.gz"
url_api = "https://api.github.com/repos/evilmartians/lefthook/releases/assets/563149908"
provenance = "github-attestations"

[tools.lefthook."platforms.linux-arm64-musl"]
checksum = "sha256:2fd4b1f33aab4e4c8691a1a6a750b0638a40bdef871234cacb33781615dbf7ba"
url = "https://github.com/evilmartians/lefthook/releases/download/v2.1.14/lefthook_2.1.14_Linux_aarch64.gz"
url_api = "https://api.github.com/repos/evilmartians/lefthook/releases/assets/563149908"
provenance = "github-attestations"

[tools.lefthook."platforms.linux-x64"]
checksum = "sha256:2be3187101b3a2edd5edf8b546aa2e3820531c517b4cd0216601a9c06f07c42d"
url = "https://github.com/evilmartians/lefthook/releases/download/v2.1.14/lefthook_2.1.14_Linux_x86_64.gz"
url_api = "https://api.github.com/repos/evilmartians/lefthook/releases/assets/563149839"
provenance = "github-attestations"

[tools.lefthook."platforms.linux-x64-baseline"]
checksum = "sha256:2be3187101b3a2edd5edf8b546aa2e3820531c517b4cd0216601a9c06f07c42d"
url = "https://github.com/evilmartians/lefthook/releases/download/v2.1.14/lefthook_2.1.14_Linux_x86_64.gz"
url_api = "https://api.github.com/repos/evilmartians/lefthook/releases/assets/563149839"
provenance = "github-attestations"

[tools.lefthook."platforms.linux-x64-musl"]
checksum = "sha256:2be3187101b3a2edd5edf8b546aa2e3820531c517b4cd0216601a9c06f07c42d"
url = "https://github.com/evilmartians/lefthook/releases/download/v2.1.14/lefthook_2.1.14_Linux_x86_64.gz"
url_api = "https://api.github.com/repos/evilmartians/lefthook/releases/assets/563149839"
provenance = "github-attestations"

[tools.lefthook."platforms.linux-x64-musl-baseline"]
checksum = "sha256:2be3187101b3a2edd5edf8b546aa2e3820531c517b4cd0216601a9c06f07c42d"
url = "https://github.com/evilmartians/lefthook/releases/download/v2.1.14/lefthook_2.1.14_Linux_x86_64.gz"
url_api = "https://api.github.com/repos/evilmartians/lefthook/releases/assets/563149839"
provenance = "github-attestations"

[tools.lefthook."platforms.macos-arm64"]
checksum = "sha256:398e6a23dfe2de3fc113e091dd4b592795cc8f1665acf5501856858b8056d686"
url = "https://github.com/evilmartians/lefthook/releases/download/v2.1.14/lefthook_2.1.14_MacOS_arm64.gz"
url_api = "https://api.github.com/repos/evilmartians/lefthook/releases/assets/563149840"
provenance = "github-attestations"

[tools.lefthook."platforms.macos-x64"]
checksum = "sha256:9e304cad12b3785bf45ba6085fa6a91ed45f6ff6e7dabd50cb6834959caef06a"
url = "https://github.com/evilmartians/lefthook/releases/download/v2.1.14/lefthook_2.1.14_MacOS_x86_64.gz"
url_api = "https://api.github.com/repos/evilmartians/lefthook/releases/assets/563149898"
provenance = "github-attestations"

[tools.lefthook."platforms.macos-x64-baseline"]
checksum = "sha256:9e304cad12b3785bf45ba6085fa6a91ed45f6ff6e7dabd50cb6834959caef06a"
url = "https://github.com/evilmartians/lefthook/releases/download/v2.1.14/lefthook_2.1.14_MacOS_x86_64.gz"
url_api = "https://api.github.com/repos/evilmartians/lefthook/releases/assets/563149898"
provenance = "github-attestations"

[tools.lefthook."platforms.windows-x64"]
checksum = "sha256:61a0f47c75c741fa2788aff55f85dfa0a34307257b176cb6b20fd821ae030454"
url = "https://github.com/evilmartians/lefthook/releases/download/v2.1.14/lefthook_2.1.14_Windows_x86_64.gz"
url_api = "https://api.github.com/repos/evilmartians/lefthook/releases/assets/563149872"
provenance = "github-attestations"

[tools.lefthook."platforms.windows-x64-baseline"]
checksum = "sha256:61a0f47c75c741fa2788aff55f85dfa0a34307257b176cb6b20fd821ae030454"
url = "https://github.com/evilmartians/lefthook/releases/download/v2.1.14/lefthook_2.1.14_Windows_x86_64.gz"
url_api = "https://api.github.com/repos/evilmartians/lefthook/releases/assets/563149872"
provenance = "github-attestations"

[[tools.ninja]]
version = "1.13.2"
backend = "aqua:ninja-build/ninja"

[tools.ninja."platforms.linux-arm64"]
checksum = "sha256:fd2cacc8050a7f12a16a2e48f9e06fca5c14fc4c2bee2babb67b58be17a607fc"
url = "https://github.com/ninja-build/ninja/releases/download/v1.13.2/ninja-linux-aarch64.zip"

[tools.ninja."platforms.linux-arm64-musl"]
checksum = "sha256:fd2cacc8050a7f12a16a2e48f9e06fca5c14fc4c2bee2babb67b58be17a607fc"
url = "https://github.com/ninja-build/ninja/releases/download/v1.13.2/ninja-linux-aarch64.zip"

[tools.ninja."platforms.linux-x64"]
checksum = "sha256:5749cbc4e668273514150a80e387a957f933c6ed3f5f11e03fb30955e2bbead6"
url = "https://github.com/ninja-build/ninja/releases/download/v1.13.2/ninja-linux.zip"

[tools.ninja."platforms.linux-x64-baseline"]
checksum = "sha256:5749cbc4e668273514150a80e387a957f933c6ed3f5f11e03fb30955e2bbead6"
url = "https://github.com/ninja-build/ninja/releases/download/v1.13.2/ninja-linux.zip"

[tools.ninja."platforms.linux-x64-musl"]
checksum = "sha256:5749cbc4e668273514150a80e387a957f933c6ed3f5f11e03fb30955e2bbead6"
url = "https://github.com/ninja-build/ninja/releases/download/v1.13.2/ninja-linux.zip"

[tools.ninja."platforms.linux-x64-musl-baseline"]
checksum = "sha256:5749cbc4e668273514150a80e387a957f933c6ed3f5f11e03fb30955e2bbead6"
url = "https://github.com/ninja-build/ninja/releases/download/v1.13.2/ninja-linux.zip"

[tools.ninja."platforms.macos-arm64"]
checksum = "sha256:c99048673aa765960a99cf10c6ddb9f1fad506099ff0a0e137ad8960a88f321b"
url = "https://github.com/ninja-build/ninja/releases/download/v1.13.2/ninja-mac.zip"

[tools.ninja."platforms.macos-x64"]
checksum = "sha256:c99048673aa765960a99cf10c6ddb9f1fad506099ff0a0e137ad8960a88f321b"
url = "https://github.com/ninja-build/ninja/releases/download/v1.13.2/ninja-mac.zip"

[tools.ninja."platforms.macos-x64-baseline"]
checksum = "sha256:c99048673aa765960a99cf10c6ddb9f1fad506099ff0a0e137ad8960a88f321b"
url = "https://github.com/ninja-build/ninja/releases/download/v1.13.2/ninja-mac.zip"

[tools.ninja."platforms.windows-x64"]
checksum = "sha256:07fc8261b42b20e71d1720b39068c2e14ffcee6396b76fb7a795fb460b78dc65"
url = "https://github.com/ninja-build/ninja/releases/download/v1.13.2/ninja-win.zip"

[tools.ninja."platforms.windows-x64-baseline"]
checksum = "sha256:07fc8261b42b20e71d1720b39068c2e14ffcee6396b76fb7a795fb460b78dc65"
url = "https://github.com/ninja-build/ninja/releases/download/v1.13.2/ninja-win.zip"

[[tools.shellcheck]]
version = "0.11.0"
backend = "aqua:koalaman/shellcheck"

[tools.shellcheck."platforms.linux-arm64"]
checksum = "sha256:12b331c1d2db6b9eb13cfca64306b1b157a86eb69db83023e261eaa7e7c14588"
url = "https://github.com/koalaman/shellcheck/releases/download/v0.11.0/shellcheck-v0.11.0.linux.aarch64.tar.xz"

[tools.shellcheck."platforms.linux-arm64-musl"]
checksum = "sha256:12b331c1d2db6b9eb13cfca64306b1b157a86eb69db83023e261eaa7e7c14588"
url = "https://github.com/koalaman/shellcheck/releases/download/v0.11.0/shellcheck-v0.11.0.linux.aarch64.tar.xz"

[tools.shellcheck."platforms.linux-x64"]
checksum = "sha256:8c3be12b05d5c177a04c29e3c78ce89ac86f1595681cab149b65b97c4e227198"
url = "https://github.com/koalaman/shellcheck/releases/download/v0.11.0/shellcheck-v0.11.0.linux.x86_64.tar.xz"

[tools.shellcheck."platforms.linux-x64-baseline"]
checksum = "sha256:8c3be12b05d5c177a04c29e3c78ce89ac86f1595681cab149b65b97c4e227198"
url = "https://github.com/koalaman/shellcheck/releases/download/v0.11.0/shellcheck-v0.11.0.linux.x86_64.tar.xz"

[tools.shellcheck."platforms.linux-x64-musl"]
checksum = "sha256:8c3be12b05d5c177a04c29e3c78ce89ac86f1595681cab149b65b97c4e227198"
url = "https://github.com/koalaman/shellcheck/releases/download/v0.11.0/shellcheck-v0.11.0.linux.x86_64.tar.xz"

[tools.shellcheck."platforms.linux-x64-musl-baseline"]
checksum = "sha256:8c3be12b05d5c177a04c29e3c78ce89ac86f1595681cab149b65b97c4e227198"
url = "https://github.com/koalaman/shellcheck/releases/download/v0.11.0/shellcheck-v0.11.0.linux.x86_64.tar.xz"

[tools.shellcheck."platforms.macos-arm64"]
checksum = "sha256:56affdd8de5527894dca6dc3d7e0a99a873b0f004d7aabc30ae407d3f48b0a79"
url = "https://github.com/koalaman/shellcheck/releases/download/v0.11.0/shellcheck-v0.11.0.darwin.aarch64.tar.xz"

[tools.shellcheck."platforms.macos-x64"]
checksum = "sha256:3c89db4edcab7cf1c27bff178882e0f6f27f7afdf54e859fa041fca10febe4c6"
url = "https://github.com/koalaman/shellcheck/releases/download/v0.11.0/shellcheck-v0.11.0.darwin.x86_64.tar.xz"

[tools.shellcheck."platforms.macos-x64-baseline"]
checksum = "sha256:3c89db4edcab7cf1c27bff178882e0f6f27f7afdf54e859fa041fca10febe4c6"
url = "https://github.com/koalaman/shellcheck/releases/download/v0.11.0/shellcheck-v0.11.0.darwin.x86_64.tar.xz"

[tools.shellcheck."platforms.windows-x64"]
checksum = "sha256:8a4e35ab0b331c85d73567b12f2a444df187f483e5079ceffa6bda1faa2e740e"
url = "https://github.com/koalaman/shellcheck/releases/download/v0.11.0/shellcheck-v0.11.0.zip"

[tools.shellcheck."platforms.windows-x64-baseline"]
checksum = "sha256:8a4e35ab0b331c85d73567b12f2a444df187f483e5079ceffa6bda1faa2e740e"
url = "https://github.com/koalaman/shellcheck/releases/download/v0.11.0/shellcheck-v0.11.0.zip"

[[tools.uv]]
version = "0.12.19"
backend = "aqua:astral-sh/uv"

[tools.uv."platforms.linux-arm64"]
checksum = "sha256:0804e9b164c64b6914182d5920c08551958a095986f10a3731056df701126436"
url = "https://github.com/astral-sh/uv/releases/download/0.12.19/uv-aarch64-unknown-linux-gnu.tar.gz"
url_api = "https://api.github.com/repos/astral-sh/uv/releases/assets/587158851"
provenance = "github-attestations"

[tools.uv."platforms.linux-arm64-musl"]
checksum = "sha256:ad8d8448a2ff642ba62c2f684d7dd22a03f8eb3fc9918c2c3e8ec975f4ed6710"
url = "https://github.com/astral-sh/uv/releases/download/0.12.19/uv-aarch64-unknown-linux-musl.tar.gz"
url_api = "https://api.github.com/repos/astral-sh/uv/releases/assets/587158874"
provenance = "github-attestations"

[tools.uv."platforms.linux-x64"]
checksum = "sha256:23bf5552d220e0842b65c862097b2ebaeba0064b74eda5e565e77fd25969d8c8"
url = "https://github.com/astral-sh/uv/releases/download/0.12.19/uv-x86_64-unknown-linux-gnu.tar.gz"
url_api = "https://api.github.com/repos/astral-sh/uv/releases/assets/587159011"
provenance = "github-attestations"

[tools.uv."platforms.linux-x64-baseline"]
checksum = "sha256:23bf5552d220e0842b65c862097b2ebaeba0064b74eda5e565e77fd25969d8c8"
url = "https://github.com/astral-sh/uv/releases/download/0.12.19/uv-x86_64-unknown-linux-gnu.tar.gz"
url_api = "https://api.github.com/repos/astral-sh/uv/releases/assets/587159011"
provenance = "github-attestations"

[tools.uv."platforms.linux-x64-musl"]
checksum = "sha256:db7278c9f57981338fddff1fb250e11964bc0a4fafcb9eed8303fdb117dc067b"
url = "https://github.com/astral-sh/uv/releases/download/0.12.19/uv-x86_64-unknown-linux-musl.tar.gz"
url_api = "https://api.github.com/repos/astral-sh/uv/releases/assets/587159021"
provenance = "github-attestations"

[tools.uv."platforms.linux-x64-musl-baseline"]
checksum = "sha256:db7278c9f57981338fddff1fb250e11964bc0a4fafcb9eed8303fdb117dc067b"
url = "https://github.com/astral-sh/uv/releases/download/0.12.19/uv-x86_64-unknown-linux-musl.tar.gz"
url_api = "https://api.github.com/repos/astral-sh/uv/releases/assets/587159021"
provenance = "github-attestations"

[tools.uv."platforms.macos-arm64"]
checksum = "sha256:a9a8df1eedeb192f2e47e40e2faabfb387db4b850209118786d42f89dde3e0ba"
url = "https://github.com/astral-sh/uv/releases/download/0.12.19/uv-aarch64-apple-darwin.tar.gz"
url_api = "https://api.github.com/repos/astral-sh/uv/releases/assets/587158826"
provenance = "github-attestations"

[tools.uv."platforms.macos-x64"]
checksum = "sha256:cb5fa57bafe68fc0fb94b17f06bee0b0b9a7feb94ccbd110445afa0696e39273"
url = "https://github.com/astral-sh/uv/releases/download/0.12.19/uv-x86_64-apple-darwin.tar.gz"
url_api = "https://api.github.com/repos/astral-sh/uv/releases/assets/587158992"
provenance = "github-attestations"

[tools.uv."platforms.macos-x64-baseline"]
checksum = "sha256:cb5fa57bafe68fc0fb94b17f06bee0b0b9a7feb94ccbd110445afa0696e39273"
url = "https://github.com/astral-sh/uv/releases/download/0.12.19/uv-x86_64-apple-darwin.tar.gz"
url_api = "https://api.github.com/repos/astral-sh/uv/releases/assets/587158992"
provenance = "github-attestations"

[tools.uv."platforms.windows-x64"]
checksum = "sha256:6dbb02d79e419522f1c500f0adb1cddcff0cda7d59b0d66ea7f5e3b4a1b2f5f0"
url = "https://github.com/astral-sh/uv/releases/download/0.12.19/uv-x86_64-pc-windows-msvc.zip"
url_api = "https://api.github.com/repos/astral-sh/uv/releases/assets/587159002"
provenance = "github-attestations"

[tools.uv."platforms.windows-x64-baseline"]
checksum = "sha256:6dbb02d79e419522f1c500f0adb1cddcff0cda7d59b0d66ea7f5e3b4a1b2f5f0"
url = "https://github.com/astral-sh/uv/releases/download/0.12.19/uv-x86_64-pc-windows-msvc.zip"
url_api = "https://api.github.com/repos/astral-sh/uv/releases/assets/587159002"
provenance = "github-attestations"
